
Microsoft Visual Studio Solution File, Format Version 12.00
# Visual Studio Version 16
VisualStudioVersion = 16.0.31424.327
MinimumVisualStudioVersion = 10.0.40219.1
Project("{FAE04EC0-301F-11D3-BF4B-00C04F79EFBC}") = "uplodingPic", "uplodingPic\uplodingPic.csproj", "{4D3243DE-ECA6-448E-8D96-1098041A00D2}"
EndProject
Global
	GlobalSection(SolutionConfigurationPlatforms) = preSolution
		Debug|Any CPU = Debug|Any CPU
		Release|Any CPU = Release|Any CPU
	EndGlobalSection
	GlobalSection(ProjectConfigurationPlatforms) = postSolution
		{4D3243DE-ECA6-448E-8D96-1098041A00D2}.Debug|Any CPU.ActiveCfg = Debug|Any CPU
		{4D3243DE-ECA6-448E-8D96-1098041A00D2}.Debug|Any CPU.Build.0 = Debug|Any CPU
		{4D3243DE-ECA6-448E-8D96-1098041A00D2}.Release|Any CPU.ActiveCfg = Release|Any CPU
		{4D3243DE-ECA6-448E-8D96-1098041A00D2}.Release|Any CPU.Build.0 = Release|Any CPU
	EndGlobalSection
	GlobalSection(SolutionProperties) = preSolution
		HideSolutionNode = FALSE
	EndGlobalSection
	GlobalSection(ExtensibilityGlobals) = postSolution
		SolutionGuid = {4C7343A5-9DCA-4BEF-B046-DAA6A69C01D3}
	EndGlobalSection
EndGlobal
